<Solution>
  <Folder Name="/.github/" />
  <Folder Name="/.github/workflows/">
    <File Path=".github/workflows/deploy-lambdas.yml" />
  </Folder>
  <Folder Name="/src/" />
  <Folder Name="/src/Lambdas/">
    <Project Path="src/Lambdas/TravelPackagesSystem.DisableEventPaymentPlans/TravelPackagesSystem.DisableEventPaymentPlans.csproj" />
    <Project Path="src/Lambdas/TravelPackagesSystem.DisablePackagePaymentPlans/TravelPackagesSystem.DisablePackagePaymentPlans.csproj" />
    <Project Path="src/Lambdas/TravelPackagesSystem.EnablePackageAutoConfirmTickets/TravelPackagesSystem.EnablePackageAutoConfirmTickets.csproj" />
    <Project Path="src/Lambdas/TravelPackagesSystem.ExpireAndBlockPackages/TravelPackagesSystem.ExpireAndBlockPackages.csproj" />
    <Project Path="src/Lambdas/TravelPackagesSystem.WritePackageAuditTrail/TravelPackagesSystem.WritePackageAuditTrail.csproj" />
  </Folder>
  <Folder Name="/src/Shared/">
    <Project Path="src/Shared/Shared.Infrastructure/Shared.Infrastructure.csproj" />
  </Folder>
  <Folder Name="/tests/">
    <Project Path="tests/Lambda1.Tests/Lambda1.Tests.csproj" />
    <Project Path="tests/Lambda2.Tests/Lambda2.Tests.csproj" />
  </Folder>
</Solution>
